// !$*UTF8*$!
{
	archiveVersion = 1;
	classes = {
	};
	objectVersion = 50;
	objects = {

/* Begin PBXBuildFile section */
		54F18A9422415744009409EB /* AppDelegate.swift in Sources */ = {isa = PBXBuildFile; fileRef = 54F18A9322415744009409EB /* AppDelegate.swift */; };
		54F18A9622415744009409EB /* ViewController.swift in Sources */ = {isa = PBXBuildFile; fileRef = 54F18A9522415744009409EB /* ViewController.swift */; };
		54F18A9922415744009409EB /* Main.storyboard in Resources */ = {isa = PBXBuildFile; fileRef = 54F18A9722415744009409EB /* Main.storyboard */; };
		54F18A9C22415744009409EB /* SpacePhotos.xcdatamodeld in Sources */ = {isa = PBXBuildFile; fileRef = 54F18A9A22415744009409EB /* SpacePhotos.xcdatamodeld */; };
		54F18A9E22415745009409EB /* Assets.xcassets in Resources */ = {isa = PBXBuildFile; fileRef = 54F18A9D22415745009409EB /* Assets.xcassets */; };
		54F18AA122415745009409EB /* LaunchScreen.storyboard in Resources */ = {isa = PBXBuildFile; fileRef = 54F18A9F22415745009409EB /* LaunchScreen.storyboard */; };
		54F18AA922415A88009409EB /* PhotoInfoController.swift in Sources */ = {isa = PBXBuildFile; fileRef = 54F18AA822415A88009409EB /* PhotoInfoController.swift */; };
		54F18AAB22415B54009409EB /* PhotoInfo.swift in Sources */ = {isa = PBXBuildFile; fileRef = 54F18AAA22415B54009409EB /* PhotoInfo.swift */; };
		54F18AAD22415BD2009409EB /* URL+Helpers.swift in Sources */ = {isa = PBXBuildFile; fileRef = 54F18AAC22415BD2009409EB /* URL+Helpers.swift */; };
/* End PBXBuildFile section */

/* Begin PBXFileReference section */
		54F18A9022415744009409EB /* SpacePhotos.app */ = {isa = PBXFileReference; explicitFileType = wrapper.application; includeInIndex = 0; path = SpacePhotos.app; sourceTree = BUILT_PRODUCTS_DIR; };
		54F18A9322415744009409EB /* AppDelegate.swift */ = {isa = PBXFileReference; lastKnownFileType = sourcecode.swift; path = AppDelegate.swift; sourceTree = "<group>"; };
		54F18A9522415744009409EB /* ViewController.swift */ = {isa = PBXFileReference; lastKnownFileType = sourcecode.swift; path = ViewController.swift; sourceTree = "<group>"; };
		54F18A9822415744009409EB /* Base */ = {isa = PBXFileReference; lastKnownFileType = file.storyboard; name = Base; path = Base.lproj/Main.storyboard; sourceTree = "<group>"; };
		54F18A9B22415744009409EB /* SpacePhotos.xcdatamodel */ = {isa = PBXFileReference; lastKnownFileType = wrapper.xcdatamodel; path = SpacePhotos.xcdatamodel; sourceTree = "<group>"; };
		54F18A9D22415745009409EB /* Assets.xcassets */ = {isa = PBXFileReference; lastKnownFileType = folder.assetcatalog; path = Assets.xcassets; sourceTree = "<group>"; };
		54F18AA022415745009409EB /* Base */ = {isa = PBXFileReference; lastKnownFileType = file.storyboard; name = Base; path = Base.lproj/LaunchScreen.storyboard; sourceTree = "<group>"; };
		54F18AA222415745009409EB /* Info.plist */ = {isa = PBXFileReference; lastKnownFileType = text.plist.xml; path = Info.plist; sourceTree = "<group>"; };
		54F18AA822415A88009409EB /* PhotoInfoController.swift */ = {isa = PBXFileReference; lastKnownFileType = sourcecode.swift; path = PhotoInfoController.swift; sourceTree = "<group>"; };
		54F18AAA22415B54009409EB /* PhotoInfo.swift */ = {isa = PBXFileReference; lastKnownFileType = sourcecode.swift; path = PhotoInfo.swift; sourceTree = "<group>"; };
		54F18AAC22415BD2009409EB /* URL+Helpers.swift */ = {isa = PBXFileReference; lastKnownFileType = sourcecode.swift; path = "URL+Helpers.swift"; sourceTree = "<group>"; };
/* End PBXFileReference section */

/* Begin PBXFrameworksBuildPhase section */
		54F18A8D22415744009409EB /* Frameworks */ = {
			isa = PBXFrameworksBuildPhase;
			buildActionMask = 2147483647;
			files = (
			);
			runOnlyForDeploymentPostprocessing = 0;
		};
/* End PBXFrameworksBuildPhase section */

/* Begin PBXGroup section */
		54F18A8722415744009409EB = {
			isa = PBXGroup;
			children = (
				54F18A9222415744009409EB /* SpacePhotos */,
				54F18A9122415744009409EB /* Products */,
			);
			sourceTree = "<group>";
		};
		54F18A9122415744009409EB /* Products */ = {
			isa = PBXGroup;
			children = (
				54F18A9022415744009409EB /* SpacePhotos.app */,
			);
			name = Products;
			sourceTree = "<group>";
		};
		54F18A9222415744009409EB /* SpacePhotos */ = {
			isa = PBXGroup;
			children = (
				54F18A9322415744009409EB /* AppDelegate.swift */,
				54F18A9522415744009409EB /* ViewController.swift */,
				54F18AA822415A88009409EB /* PhotoInfoController.swift */,
				54F18AAA22415B54009409EB /* PhotoInfo.swift */,
				54F18AAC22415BD2009409EB /* URL+Helpers.swift */,
				54F18A9722415744009409EB /* Main.storyboard */,
				54F18A9D22415745009409EB /* Assets.xcassets */,
				54F18A9F22415745009409EB /* LaunchScreen.storyboard */,
				54F18AA222415745009409EB /* Info.plist */,
				54F18A9A22415744009409EB /* SpacePhotos.xcdatamodeld */,
			);
			path = SpacePhotos;
			sourceTree = "<group>";
		};
/* End PBXGroup section */

/* Begin PBXNativeTarget section */
		54F18A8F22415744009409EB /* SpacePhotos */ = {
			isa = PBXNativeTarget;
			buildConfigurationList = 54F18AA522415745009409EB /* Build configuration list for PBXNativeTarget "SpacePhotos" */;
			buildPhases = (
				54F18A8C22415744009409EB /* Sources */,
				54F18A8D22415744009409EB /* Frameworks */,
				54F18A8E22415744009409EB /* Resources */,
			);
			buildRules = (
			);
			dependencies = (
			);
			name = SpacePhotos;
			productName = SpacePhotos;
			productReference = 54F18A9022415744009409EB /* SpacePhotos.app */;
			productType = "com.apple.product-type.application";
		};
/* End PBXNativeTarget section */

/* Begin PBXProject section */
		54F18A8822415744009409EB /* Project object */ = {
			isa = PBXProject;
			attributes = {
				LastSwiftUpdateCheck = 1010;
				LastUpgradeCheck = 1010;
				ORGANIZATIONNAME = "Ousmane Ouedraogo";
				TargetAttributes = {
					54F18A8F22415744009409EB = {
						CreatedOnToolsVersion = 10.1;
					};
				};
			};
			buildConfigurationList = 54F18A8B22415744009409EB /* Build configuration list for PBXProject "SpacePhotos" */;
			compatibilityVersion = "Xcode 9.3";
			developmentRegion = en;
			hasScannedForEncodings = 0;
			knownRegions = (
				en,
				Base,
			);
			mainGroup = 54F18A8722415744009409EB;
			productRefGroup = 54F18A9122415744009409EB /* Products */;
			projectDirPath = "";
			projectRoot = "";
			targets = (
				54F18A8F22415744009409EB /* SpacePhotos */,
			);
		};
/* End PBXProject section */

/* Begin PBXResourcesBuildPhase section */
		54F18A8E22415744009409EB /* Resources */ = {
			isa = PBXResourcesBuildPhase;
			buildActionMask = 2147483647;
			files = (
				54F18AA122415745009409EB /* LaunchScreen.storyboard in Resources */,
				54F18A9E22415745009409EB /* Assets.xcassets in Resources */,
				54F18A9922415744009409EB /* Main.storyboard in Resources */,
			);
			runOnlyForDeploymentPostprocessing = 0;
		};
/* End PBXResourcesBuildPhase section */

/* Begin PBXSourcesBuildPhase section */
		54F18A8C22415744009409EB /* Sources */ = {
			isa = PBXSourcesBuildPhase;
			buildActionMask = 2147483647;
			files = (
				54F18A9C22415744009409EB /* SpacePhotos.xcdatamodeld in Sources */,
				54F18AAD22415BD2009409EB /* URL+Helpers.swift in Sources */,
				54F18A9622415744009409EB /* ViewController.swift in Sources */,
				54F18AA922415A88009409EB /* PhotoInfoController.swift in Sources */,
				54F18A9422415744009409EB /* AppDelegate.swift in Sources */,
				54F18AAB22415B54009409EB /* PhotoInfo.swift in Sources */,
			);
			runOnlyForDeploymentPostprocessing = 0;
		};
/* End PBXSourcesBuildPhase section */

/* Begin PBXVariantGroup section */
		54F18A9722415744009409EB /* Main.storyboard */ = {
			isa = PBXVariantGroup;
			children = (
				54F18A9822415744009409EB /* Base */,
			);
			name = Main.storyboard;
			sourceTree = "<group>";
		};
		54F18A9F22415745009409EB /* LaunchScreen.storyboard */ = {
			isa = PBXVariantGroup;
			children = (
				54F18AA022415745009409EB /* Base */,
			);
			name = LaunchScreen.storyboard;
			sourceTree = "<group>";
		};
/* End PBXVariantGroup section */

/* Begin XCBuildConfiguration section */
		54F18AA322415745009409EB /* Debug */ = {
			isa = XCBuildConfiguration;
			buildSettings = {
				ALWAYS_SEARCH_USER_PATHS = NO;
				CLANG_ANALYZER_NONNULL = YES;
				CLANG_ANALYZER_NUMBER_OBJECT_CONVERSION = YES_AGGRESSIVE;
				CLANG_CXX_LANGUAGE_STANDARD = "gnu++14";
				CLANG_CXX_LIBRARY = "libc++";
				CLANG_ENABLE_MODULES = YES;
				CLANG_ENABLE_OBJC_ARC = YES;
				CLANG_ENABLE_OBJC_WEAK = YES;
				CLANG_WARN_BLOCK_CAPTURE_AUTORELEASING = YES;
				CLANG_WARN_BOOL_CONVERSION = YES;
				CLANG_WARN_COMMA = YES;
				CLANG_WARN_CONSTANT_CONVERSION = YES;
				CLANG_WARN_DEPRECATED_OBJC_IMPLEMENTATIONS = YES;
				CLANG_WARN_DIRECT_OBJC_ISA_USAGE = YES_ERROR;
				CLANG_WARN_DOCUMENTATION_COMMENTS = YES;
				CLANG_WARN_EMPTY_BODY = YES;
				CLANG_WARN_ENUM_CONVERSION = YES;
				CLANG_WARN_INFINITE_RECURSION = YES;
				CLANG_WARN_INT_CONVERSION = YES;
				CLANG_WARN_NON_LITERAL_NULL_CONVERSION = YES;
				CLANG_WARN_OBJC_IMPLICIT_RETAIN_SELF = YES;
				CLANG_WARN_OBJC_LITERAL_CONVERSION = YES;
				CLANG_WARN_OBJC_ROOT_CLASS = YES_ERROR;
				CLANG_WARN_RANGE_LOOP_ANALYSIS = YES;
				CLANG_WARN_STRICT_PROTOTYPES = YES;
				CLANG_WARN_SUSPICIOUS_MOVE = YES;
				CLANG_WARN_UNGUARDED_AVAILABILITY = YES_AGGRESSIVE;
				CLANG_WARN_UNREACHABLE_CODE = YES;
				CLANG_WARN__DUPLICATE_METHOD_MATCH = YES;
				CODE_SIGN_IDENTITY = "iPhone Developer";
				COPY_PHASE_STRIP = NO;
				DEBUG_INFORMATION_FORMAT = dwarf;
				ENABLE_STRICT_OBJC_MSGSEND = YES;
				ENABLE_TESTABILITY = YES;
				GCC_C_LANGUAGE_STANDARD = gnu11;
				GCC_DYNAMIC_NO_PIC = NO;
				GCC_NO_COMMON_BLOCKS = YES;
				GCC_OPTIMIZATION_LEVEL = 0;
				GCC_PREPROCESSOR_DEFINITIONS = (
					"DEBUG=1",
					"$(inherited)",
				);
				GCC_WARN_64_TO_32_BIT_CONVERSION = YES;
				GCC_WARN_ABOUT_RETURN_TYPE = YES_ERROR;
				GCC_WARN_UNDECLARED_SELECTOR = YES;
				GCC_WARN_UNINITIALIZED_AUTOS = YES_AGGRESSIVE;
				GCC_WARN_UNUSED_FUNCTION = YES;
				GCC_WARN_UNUSED_VARIABLE = YES;
				IPHONEOS_DEPLOYMENT_TARGET = 12.1;
				MTL_ENABLE_DEBUG_INFO = INCLUDE_SOURCE;
				MTL_FAST_MATH = YES;
				ONLY_ACTIVE_ARCH = YES;
				SDKROOT = iphoneos;
				SWIFT_ACTIVE_COMPILATION_CONDITIONS = DEBUG;
				SWIFT_OPTIMIZATION_LEVEL = "-Onone";
			};
			name = Debug;
		};
		54F18AA422415745009409EB /* Release */ = {
			isa = XCBuildConfiguration;
			buildSettings = {
				ALWAYS_SEARCH_USER_PATHS = NO;
				CLANG_ANALYZER_NONNULL = YES;
				CLANG_ANALYZER_NUMBER_OBJECT_CONVERSION = YES_AGGRESSIVE;
				CLANG_CXX_LANGUAGE_STANDARD = "gnu++14";
				CLANG_CXX_LIBRARY = "libc++";
				CLANG_ENABLE_MODULES = YES;
				CLANG_ENABLE_OBJC_ARC = YES;
				CLANG_ENABLE_OBJC_WEAK = YES;
				CLANG_WARN_BLOCK_CAPTURE_AUTORELEASING = YES;
				CLANG_WARN_BOOL_CONVERSION = YES;
				CLANG_WARN_COMMA = YES;
				CLANG_WARN_CONSTANT_CONVERSION = YES;
				CLANG_WARN_DEPRECATED_OBJC_IMPLEMENTATIONS = YES;
				CLANG_WARN_DIRECT_OBJC_ISA_USAGE = YES_ERROR;
				CLANG_WARN_DOCUMENTATION_COMMENTS = YES;
				CLANG_WARN_EMPTY_BODY = YES;
				CLANG_WARN_ENUM_CONVERSION = YES;
				CLANG_WARN_INFINITE_RECURSION = YES;
				CLANG_WARN_INT_CONVERSION = YES;
				CLANG_WARN_NON_LITERAL_NULL_CONVERSION = YES;
				CLANG_WARN_OBJC_IMPLICIT_RETAIN_SELF = YES;
				CLANG_WARN_OBJC_LITERAL_CONVERSION = YES;
				CLANG_WARN_OBJC_ROOT_CLASS = YES_ERROR;
				CLANG_WARN_RANGE_LOOP_ANALYSIS = YES;
				CLANG_WARN_STRICT_PROTOTYPES = YES;
				CLANG_WARN_SUSPICIOUS_MOVE = YES;
				CLANG_WARN_UNGUARDED_AVAILABILITY = YES_AGGRESSIVE;
				CLANG_WARN_UNREACHABLE_CODE = YES;
				CLANG_WARN__DUPLICATE_METHOD_MATCH = YES;
				CODE_SIGN_IDENTITY = "iPhone Developer";
				COPY_PHASE_STRIP = NO;
				DEBUG_INFORMATION_FORMAT = "dwarf-with-dsym";
				ENABLE_NS_ASSERTIONS = NO;
				ENABLE_STRICT_OBJC_MSGSEND = YES;
				GCC_C_LANGUAGE_STANDARD = gnu11;
				GCC_NO_COMMON_BLOCKS = YES;
				GCC_WARN_64_TO_32_BIT_CONVERSION = YES;
				GCC_WARN_ABOUT_RETURN_TYPE = YES_ERROR;
				GCC_WARN_UNDECLARED_SELECTOR = YES;
				GCC_WARN_UNINITIALIZED_AUTOS = YES_AGGRESSIVE;
				GCC_WARN_UNUSED_FUNCTION = YES;
				GCC_WARN_UNUSED_VARIABLE = YES;
				IPHONEOS_DEPLOYMENT_TARGET = 12.1;
				MTL_ENABLE_DEBUG_INFO = NO;
				MTL_FAST_MATH = YES;
				SDKROOT = iphoneos;
				SWIFT_COMPILATION_MODE = wholemodule;
				SWIFT_OPTIMIZATION_LEVEL = "-O";
				VALIDATE_PRODUCT = YES;
			};
			name = Release;
		};
		54F18AA622415745009409EB /* Debug */ = {
			isa = XCBuildConfiguration;
			buildSettings = {
				ASSETCATALOG_COMPILER_APPICON_NAME = AppIcon;
				CODE_SIGN_STYLE = Automatic;
				DEVELOPMENT_TEAM = 47U537G273;
				INFOPLIST_FILE = SpacePhotos/Info.plist;
				LD_RUNPATH_SEARCH_PATHS = (
					"$(inherited)",
					"@executable_path/Frameworks",
				);
				PRODUCT_BUNDLE_IDENTIFIER = edu.cuny.bmcc.SpacePhotos;
				PRODUCT_NAME = "$(TARGET_NAME)";
				SWIFT_VERSION = 4.2;
				TARGETED_DEVICE_FAMILY = "1,2";
			};
			name = Debug;
		};
		54F18AA722415745009409EB /* Release */ = {
			isa = XCBuildConfiguration;
			buildSettings = {
				ASSETCATALOG_COMPILER_APPICON_NAME = AppIcon;
				CODE_SIGN_STYLE = Automatic;
				DEVELOPMENT_TEAM = 47U537G273;
				INFOPLIST_FILE = SpacePhotos/Info.plist;
				LD_RUNPATH_SEARCH_PATHS = (
					"$(inherited)",
					"@executable_path/Frameworks",
				);
				PRODUCT_BUNDLE_IDENTIFIER = edu.cuny.bmcc.SpacePhotos;
				PRODUCT_NAME = "$(TARGET_NAME)";
				SWIFT_VERSION = 4.2;
				TARGETED_DEVICE_FAMILY = "1,2";
			};
			name = Release;
		};
/* End XCBuildConfiguration section */

/* Begin XCConfigurationList section */
		54F18A8B22415744009409EB /* Build configuration list for PBXProject "SpacePhotos" */ = {
			isa = XCConfigurationList;
			buildConfigurations = (
				54F18AA322415745009409EB /* Debug */,
				54F18AA422415745009409EB /* Release */,
			);
			defaultConfigurationIsVisible = 0;
			defaultConfigurationName = Release;
		};
		54F18AA522415745009409EB /* Build configuration list for PBXNativeTarget "SpacePhotos" */ = {
			isa = XCConfigurationList;
			buildConfigurations = (
				54F18AA622415745009409EB /* Debug */,
				54F18AA722415745009409EB /* Release */,
			);
			defaultConfigurationIsVisible = 0;
			defaultConfigurationName = Release;
		};
/* End XCConfigurationList section */

/* Begin XCVersionGroup section */
		54F18A9A22415744009409EB /* SpacePhotos.xcdatamodeld */ = {
			isa = XCVersionGroup;
			children = (
				54F18A9B22415744009409EB /* SpacePhotos.xcdatamodel */,
			);
			currentVersion = 54F18A9B22415744009409EB /* SpacePhotos.xcdatamodel */;
			path = SpacePhotos.xcdatamodeld;
			sourceTree = "<group>";
			versionGroupType = wrapper.xcdatamodel;
		};
/* End XCVersionGroup section */
	};
	rootObject = 54F18A8822415744009409EB /* Project object */;
}
